// !$*UTF8*$!
{
	archiveVersion = 1;
	classes = {
	};
	objectVersion = 46;
	objects = {

/* Begin PBXBuildFile section */
		5C0C648F1E6D5899007C0516 /* AppDelegate.swift in Sources */ = {isa = PBXBuildFile; fileRef = 5C0C648E1E6D5899007C0516 /* AppDelegate.swift */; };
		5C0C64911E6D5899007C0516 /* ViewController.swift in Sources */ = {isa = PBXBuildFile; fileRef = 5C0C64901E6D5899007C0516 /* ViewController.swift */; };
		5C0C64941E6D5899007C0516 /* Main.storyboard in Resources */ = {isa = PBXBuildFile; fileRef = 5C0C64921E6D5899007C0516 /* Main.storyboard */; };
		5C0C64961E6D5899007C0516 /* Assets.xcassets in Resources */ = {isa = PBXBuildFile; fileRef = 5C0C64951E6D5899007C0516 /* Assets.xcassets */; };
		5C0C64991E6D5899007C0516 /* LaunchScreen.storyboard in Resources */ = {isa = PBXBuildFile; fileRef = 5C0C64971E6D5899007C0516 /* LaunchScreen.storyboard */; };
		5C0C64A11E6D58C6007C0516 /* CycleView+Extension.swift in Sources */ = {isa = PBXBuildFile; fileRef = 5C0C64A01E6D58C6007C0516 /* CycleView+Extension.swift */; };
		5C0C64A31E6D6136007C0516 /* CyclePictureView.swift in Sources */ = {isa = PBXBuildFile; fileRef = 5C0C64A21E6D6136007C0516 /* CyclePictureView.swift */; };
		5C0C64A51E6E5B4E007C0516 /* CyclePictureCell.swift in Sources */ = {isa = PBXBuildFile; fileRef = 5C0C64A41E6E5B4E007C0516 /* CyclePictureCell.swift */; };
		5C0C64A71E6E950B007C0516 /* LocalPictureController.swift in Sources */ = {isa = PBXBuildFile; fileRef = 5C0C64A61E6E950B007C0516 /* LocalPictureController.swift */; };
		5C0C64A91E6E9541007C0516 /* WebPictureController.swift in Sources */ = {isa = PBXBuildFile; fileRef = 5C0C64A81E6E9541007C0516 /* WebPictureController.swift */; };
		5C5134971E6FE24A00FEAC95 /* TestTableViewController.swift in Sources */ = {isa = PBXBuildFile; fileRef = 5C5134961E6FE24A00FEAC95 /* TestTableViewController.swift */; };
		5C5134991E700B1600FEAC95 /* TestWebViewController.swift in Sources */ = {isa = PBXBuildFile; fileRef = 5C5134981E700B1600FEAC95 /* TestWebViewController.swift */; };
		5C995EB71E6F968B00ABC5D3 /* Image.plist in Resources */ = {isa = PBXBuildFile; fileRef = 5C995EB61E6F968B00ABC5D3 /* Image.plist */; };
		772B5F829BB1B1578E3F8EF2 /* Pods_JYCyclePicture.framework in Frameworks */ = {isa = PBXBuildFile; fileRef = A8FFA1ABAB2FE3073BD0FA37 /* Pods_JYCyclePicture.framework */; };
/* End PBXBuildFile section */

/* Begin PBXFileReference section */
		0CE38E5445911D562DA89AA0 /* Pods-JYCyclePicture.debug.xcconfig */ = {isa = PBXFileReference; includeInIndex = 1; lastKnownFileType = text.xcconfig; name = "Pods-JYCyclePicture.debug.xcconfig"; path = "Pods/Target Support Files/Pods-JYCyclePicture/Pods-JYCyclePicture.debug.xcconfig"; sourceTree = "<group>"; };
		5C0C648B1E6D5899007C0516 /* JYCyclePicture.app */ = {isa = PBXFileReference; explicitFileType = wrapper.application; includeInIndex = 0; path = JYCyclePicture.app; sourceTree = BUILT_PRODUCTS_DIR; };
		5C0C648E1E6D5899007C0516 /* AppDelegate.swift */ = {isa = PBXFileReference; lastKnownFileType = sourcecode.swift; path = AppDelegate.swift; sourceTree = "<group>"; };
		5C0C64901E6D5899007C0516 /* ViewController.swift */ = {isa = PBXFileReference; lastKnownFileType = sourcecode.swift; path = ViewController.swift; sourceTree = "<group>"; };
		5C0C64931E6D5899007C0516 /* Base */ = {isa = PBXFileReference; lastKnownFileType = file.storyboard; name = Base; path = Base.lproj/Main.storyboard; sourceTree = "<group>"; };
		5C0C64951E6D5899007C0516 /* Assets.xcassets */ = {isa = PBXFileReference; lastKnownFileType = folder.assetcatalog; path = Assets.xcassets; sourceTree = "<group>"; };
		5C0C64981E6D5899007C0516 /* Base */ = {isa = PBXFileReference; lastKnownFileType = file.storyboard; name = Base; path = Base.lproj/LaunchScreen.storyboard; sourceTree = "<group>"; };
		5C0C649A1E6D5899007C0516 /* Info.plist */ = {isa = PBXFileReference; lastKnownFileType = text.plist.xml; path = Info.plist; sourceTree = "<group>"; };
		5C0C64A01E6D58C6007C0516 /* CycleView+Extension.swift */ = {isa = PBXFileReference; fileEncoding = 4; lastKnownFileType = sourcecode.swift; path = "CycleView+Extension.swift"; sourceTree = "<group>"; };
		5C0C64A21E6D6136007C0516 /* CyclePictureView.swift */ = {isa = PBXFileReference; fileEncoding = 4; lastKnownFileType = sourcecode.swift; path = CyclePictureView.swift; sourceTree = "<group>"; };
		5C0C64A41E6E5B4E007C0516 /* CyclePictureCell.swift */ = {isa = PBXFileReference; fileEncoding = 4; lastKnownFileType = sourcecode.swift; path = CyclePictureCell.swift; sourceTree = "<group>"; };
		5C0C64A61E6E950B007C0516 /* LocalPictureController.swift */ = {isa = PBXFileReference; fileEncoding = 4; lastKnownFileType = sourcecode.swift; path = LocalPictureController.swift; sourceTree = "<group>"; };
		5C0C64A81E6E9541007C0516 /* WebPictureController.swift */ = {isa = PBXFileReference; fileEncoding = 4; lastKnownFileType = sourcecode.swift; path = WebPictureController.swift; sourceTree = "<group>"; };
		5C5134961E6FE24A00FEAC95 /* TestTableViewController.swift */ = {isa = PBXFileReference; fileEncoding = 4; lastKnownFileType = sourcecode.swift; path = TestTableViewController.swift; sourceTree = "<group>"; };
		5C5134981E700B1600FEAC95 /* TestWebViewController.swift */ = {isa = PBXFileReference; fileEncoding = 4; lastKnownFileType = sourcecode.swift; path = TestWebViewController.swift; sourceTree = "<group>"; };
		5C995EB61E6F968B00ABC5D3 /* Image.plist */ = {isa = PBXFileReference; fileEncoding = 4; lastKnownFileType = text.plist.xml; path = Image.plist; sourceTree = "<group>"; };
		A8FFA1ABAB2FE3073BD0FA37 /* Pods_JYCyclePicture.framework */ = {isa = PBXFileReference; explicitFileType = wrapper.framework; includeInIndex = 0; path = Pods_JYCyclePicture.framework; sourceTree = BUILT_PRODUCTS_DIR; };
		D1F1E6CC802A473A6A0B8B02 /* Pods-JYCyclePicture.release.xcconfig */ = {isa = PBXFileReference; includeInIndex = 1; lastKnownFileType = text.xcconfig; name = "Pods-JYCyclePicture.release.xcconfig"; path = "Pods/Target Support Files/Pods-JYCyclePicture/Pods-JYCyclePicture.release.xcconfig"; sourceTree = "<group>"; };
/* End PBXFileReference section */

/* Begin PBXFrameworksBuildPhase section */
		5C0C64881E6D5899007C0516 /* Frameworks */ = {
			isa = PBXFrameworksBuildPhase;
			buildActionMask = 2147483647;
			files = (
				772B5F829BB1B1578E3F8EF2 /* Pods_JYCyclePicture.framework in Frameworks */,
			);
			runOnlyForDeploymentPostprocessing = 0;
		};
/* End PBXFrameworksBuildPhase section */

/* Begin PBXGroup section */
		5C0C64821E6D5899007C0516 = {
			isa = PBXGroup;
			children = (
				5C0C648D1E6D5899007C0516 /* JYCyclePicture */,
				5C0C648C1E6D5899007C0516 /* Products */,
				768761D36C6E0AD0655DDFC1 /* Pods */,
				D8A58255C7D18D9D9FF09054 /* Frameworks */,
			);
			sourceTree = "<group>";
		};
		5C0C648C1E6D5899007C0516 /* Products */ = {
			isa = PBXGroup;
			children = (
				5C0C648B1E6D5899007C0516 /* JYCyclePicture.app */,
			);
			name = Products;
			sourceTree = "<group>";
		};
		5C0C648D1E6D5899007C0516 /* JYCyclePicture */ = {
			isa = PBXGroup;
			children = (
				5C995EB61E6F968B00ABC5D3 /* Image.plist */,
				5C0C648E1E6D5899007C0516 /* AppDelegate.swift */,
				5C0C64901E6D5899007C0516 /* ViewController.swift */,
				5C0C64921E6D5899007C0516 /* Main.storyboard */,
				5C0C64951E6D5899007C0516 /* Assets.xcassets */,
				5C0C64971E6D5899007C0516 /* LaunchScreen.storyboard */,
				5C0C649A1E6D5899007C0516 /* Info.plist */,
				5C0C64A01E6D58C6007C0516 /* CycleView+Extension.swift */,
				5C0C64A21E6D6136007C0516 /* CyclePictureView.swift */,
				5C0C64A41E6E5B4E007C0516 /* CyclePictureCell.swift */,
				5C0C64A61E6E950B007C0516 /* LocalPictureController.swift */,
				5C0C64A81E6E9541007C0516 /* WebPictureController.swift */,
				5C5134961E6FE24A00FEAC95 /* TestTableViewController.swift */,
				5C5134981E700B1600FEAC95 /* TestWebViewController.swift */,
			);
			path = JYCyclePicture;
			sourceTree = "<group>";
		};
		768761D36C6E0AD0655DDFC1 /* Pods */ = {
			isa = PBXGroup;
			children = (
				0CE38E5445911D562DA89AA0 /* Pods-JYCyclePicture.debug.xcconfig */,
				D1F1E6CC802A473A6A0B8B02 /* Pods-JYCyclePicture.release.xcconfig */,
			);
			name = Pods;
			sourceTree = "<group>";
		};
		D8A58255C7D18D9D9FF09054 /* Frameworks */ = {
			isa = PBXGroup;
			children = (
				A8FFA1ABAB2FE3073BD0FA37 /* Pods_JYCyclePicture.framework */,
			);
			name = Frameworks;
			sourceTree = "<group>";
		};
/* End PBXGroup section */

/* Begin PBXNativeTarget section */
		5C0C648A1E6D5899007C0516 /* JYCyclePicture */ = {
			isa = PBXNativeTarget;
			buildConfigurationList = 5C0C649D1E6D5899007C0516 /* Build configuration list for PBXNativeTarget "JYCyclePicture" */;
			buildPhases = (
				F81C390EC7D407705453C2AE /* [CP] Check Pods Manifest.lock */,
				5C0C64871E6D5899007C0516 /* Sources */,
				5C0C64881E6D5899007C0516 /* Frameworks */,
				5C0C64891E6D5899007C0516 /* Resources */,
				21D7D1AAE95FC2882C3FD487 /* [CP] Embed Pods Frameworks */,
				627F9D991929340052F72E28 /* [CP] Copy Pods Resources */,
			);
			buildRules = (
			);
			dependencies = (
			);
			name = JYCyclePicture;
			productName = JYCyclePicture;
			productReference = 5C0C648B1E6D5899007C0516 /* JYCyclePicture.app */;
			productType = "com.apple.product-type.application";
		};
/* End PBXNativeTarget section */

/* Begin PBXProject section */
		5C0C64831E6D5899007C0516 /* Project object */ = {
			isa = PBXProject;
			attributes = {
				LastSwiftUpdateCheck = 0830;
				LastUpgradeCheck = 0830;
				ORGANIZATIONNAME = atom;
				TargetAttributes = {
					5C0C648A1E6D5899007C0516 = {
						CreatedOnToolsVersion = 8.3;
						DevelopmentTeam = JE8CSGTB5D;
						ProvisioningStyle = Automatic;
					};
				};
			};
			buildConfigurationList = 5C0C64861E6D5899007C0516 /* Build configuration list for PBXProject "JYCyclePicture" */;
			compatibilityVersion = "Xcode 3.2";
			developmentRegion = English;
			hasScannedForEncodings = 0;
			knownRegions = (
				en,
				Base,
			);
			mainGroup = 5C0C64821E6D5899007C0516;
			productRefGroup = 5C0C648C1E6D5899007C0516 /* Products */;
			projectDirPath = "";
			projectRoot = "";
			targets = (
				5C0C648A1E6D5899007C0516 /* JYCyclePicture */,
			);
		};
/* End PBXProject section */

/* Begin PBXResourcesBuildPhase section */
		5C0C64891E6D5899007C0516 /* Resources */ = {
			isa = PBXResourcesBuildPhase;
			buildActionMask = 2147483647;
			files = (
				5C995EB71E6F968B00ABC5D3 /* Image.plist in Resources */,
				5C0C64991E6D5899007C0516 /* LaunchScreen.storyboard in Resources */,
				5C0C64961E6D5899007C0516 /* Assets.xcassets in Resources */,
				5C0C64941E6D5899007C0516 /* Main.storyboard in Resources */,
			);
			runOnlyForDeploymentPostprocessing = 0;
		};
/* End PBXResourcesBuildPhase section */

/* Begin PBXShellScriptBuildPhase section */
		21D7D1AAE95FC2882C3FD487 /* [CP] Embed Pods Frameworks */ = {
			isa = PBXShellScriptBuildPhase;
			buildActionMask = 2147483647;
			files = (
			);
			inputPaths = (
			);
			name = "[CP] Embed Pods Frameworks";
			outputPaths = (
			);
			runOnlyForDeploymentPostprocessing = 0;
			shellPath = /bin/sh;
			shellScript = "\"${SRCROOT}/Pods/Target Support Files/Pods-JYCyclePicture/Pods-JYCyclePicture-frameworks.sh\"\n";
			showEnvVarsInLog = 0;
		};
		627F9D991929340052F72E28 /* [CP] Copy Pods Resources */ = {
			isa = PBXShellScriptBuildPhase;
			buildActionMask = 2147483647;
			files = (
			);
			inputPaths = (
			);
			name = "[CP] Copy Pods Resources";
			outputPaths = (
			);
			runOnlyForDeploymentPostprocessing = 0;
			shellPath = /bin/sh;
			shellScript = "\"${SRCROOT}/Pods/Target Support Files/Pods-JYCyclePicture/Pods-JYCyclePicture-resources.sh\"\n";
			showEnvVarsInLog = 0;
		};
		F81C390EC7D407705453C2AE /* [CP] Check Pods Manifest.lock */ = {
			isa = PBXShellScriptBuildPhase;
			buildActionMask = 2147483647;
			files = (
			);
			inputPaths = (
			);
			name = "[CP] Check Pods Manifest.lock";
			outputPaths = (
			);
			runOnlyForDeploymentPostprocessing = 0;
			shellPath = /bin/sh;
			shellScript = "diff \"${PODS_ROOT}/../Podfile.lock\" \"${PODS_ROOT}/Manifest.lock\" > /dev/null\nif [ $? != 0 ] ; then\n    # print error to STDERR\n    echo \"error: The sandbox is not in sync with the Podfile.lock. Run 'pod install' or update your CocoaPods installation.\" >&2\n    exit 1\nfi\n";
			showEnvVarsInLog = 0;
		};
/* End PBXShellScriptBuildPhase section */

/* Begin PBXSourcesBuildPhase section */
		5C0C64871E6D5899007C0516 /* Sources */ = {
			isa = PBXSourcesBuildPhase;
			buildActionMask = 2147483647;
			files = (
				5C0C64A31E6D6136007C0516 /* CyclePictureView.swift in Sources */,
				5C0C64A51E6E5B4E007C0516 /* CyclePictureCell.swift in Sources */,
				5C0C64A91E6E9541007C0516 /* WebPictureController.swift in Sources */,
				5C0C64A11E6D58C6007C0516 /* CycleView+Extension.swift in Sources */,
				5C0C64911E6D5899007C0516 /* ViewController.swift in Sources */,
				5C0C64A71E6E950B007C0516 /* LocalPictureController.swift in Sources */,
				5C0C648F1E6D5899007C0516 /* AppDelegate.swift in Sources */,
				5C5134991E700B1600FEAC95 /* TestWebViewController.swift in Sources */,
				5C5134971E6FE24A00FEAC95 /* TestTableViewController.swift in Sources */,
			);
			runOnlyForDeploymentPostprocessing = 0;
		};
/* End PBXSourcesBuildPhase section */

/* Begin PBXVariantGroup section */
		5C0C64921E6D5899007C0516 /* Main.storyboard */ = {
			isa = PBXVariantGroup;
			children = (
				5C0C64931E6D5899007C0516 /* Base */,
			);
			name = Main.storyboard;
			sourceTree = "<group>";
		};
		5C0C64971E6D5899007C0516 /* LaunchScreen.storyboard */ = {
			isa = PBXVariantGroup;
			children = (
				5C0C64981E6D5899007C0516 /* Base */,
			);
			name = LaunchScreen.storyboard;
			sourceTree = "<group>";
		};
/* End PBXVariantGroup section */

/* Begin XCBuildConfiguration section */
		5C0C649B1E6D5899007C0516 /* Debug */ = {
			isa = XCBuildConfiguration;
			buildSettings = {
				ALWAYS_SEARCH_USER_PATHS = NO;
				CLANG_ANALYZER_NONNULL = YES;
				CLANG_ANALYZER_NUMBER_OBJECT_CONVERSION = YES_AGGRESSIVE;
				CLANG_CXX_LANGUAGE_STANDARD = "gnu++0x";
				CLANG_CXX_LIBRARY = "libc++";
				CLANG_ENABLE_MODULES = YES;
				CLANG_ENABLE_OBJC_ARC = YES;
				CLANG_WARN_BOOL_CONVERSION = YES;
				CLANG_WARN_CONSTANT_CONVERSION = YES;
				CLANG_WARN_DIRECT_OBJC_ISA_USAGE = YES_ERROR;
				CLANG_WARN_DOCUMENTATION_COMMENTS = YES;
				CLANG_WARN_EMPTY_BODY = YES;
				CLANG_WARN_ENUM_CONVERSION = YES;
				CLANG_WARN_INFINITE_RECURSION = YES;
				CLANG_WARN_INT_CONVERSION = YES;
				CLANG_WARN_OBJC_ROOT_CLASS = YES_ERROR;
				CLANG_WARN_SUSPICIOUS_MOVE = YES;
				CLANG_WARN_UNREACHABLE_CODE = YES;
				CLANG_WARN__DUPLICATE_METHOD_MATCH = YES;
				"CODE_SIGN_IDENTITY[sdk=iphoneos*]" = "iPhone Developer";
				COPY_PHASE_STRIP = NO;
				DEBUG_INFORMATION_FORMAT = dwarf;
				ENABLE_STRICT_OBJC_MSGSEND = YES;
				ENABLE_TESTABILITY = YES;
				GCC_C_LANGUAGE_STANDARD = gnu99;
				GCC_DYNAMIC_NO_PIC = NO;
				GCC_NO_COMMON_BLOCKS = YES;
				GCC_OPTIMIZATION_LEVEL = 0;
				GCC_PREPROCESSOR_DEFINITIONS = (
					"DEBUG=1",
					"$(inherited)",
				);
				GCC_WARN_64_TO_32_BIT_CONVERSION = YES;
				GCC_WARN_ABOUT_RETURN_TYPE = YES_ERROR;
				GCC_WARN_UNDECLARED_SELECTOR = YES;
				GCC_WARN_UNINITIALIZED_AUTOS = YES_AGGRESSIVE;
				GCC_WARN_UNUSED_FUNCTION = YES;
				GCC_WARN_UNUSED_VARIABLE = YES;
				IPHONEOS_DEPLOYMENT_TARGET = 10.3;
				MTL_ENABLE_DEBUG_INFO = YES;
				ONLY_ACTIVE_ARCH = YES;
				SDKROOT = iphoneos;
				SWIFT_ACTIVE_COMPILATION_CONDITIONS = DEBUG;
				SWIFT_OPTIMIZATION_LEVEL = "-Onone";
			};
			name = Debug;
		};
		5C0C649C1E6D5899007C0516 /* Release */ = {
			isa = XCBuildConfiguration;
			buildSettings = {
				ALWAYS_SEARCH_USER_PATHS = NO;
				CLANG_ANALYZER_NONNULL = YES;
				CLANG_ANALYZER_NUMBER_OBJECT_CONVERSION = YES_AGGRESSIVE;
				CLANG_CXX_LANGUAGE_STANDARD = "gnu++0x";
				CLANG_CXX_LIBRARY = "libc++";
				CLANG_ENABLE_MODULES = YES;
				CLANG_ENABLE_OBJC_ARC = YES;
				CLANG_WARN_BOOL_CONVERSION = YES;
				CLANG_WARN_CONSTANT_CONVERSION = YES;
				CLANG_WARN_DIRECT_OBJC_ISA_USAGE = YES_ERROR;
				CLANG_WARN_DOCUMENTATION_COMMENTS = YES;
				CLANG_WARN_EMPTY_BODY = YES;
				CLANG_WARN_ENUM_CONVERSION = YES;
				CLANG_WARN_INFINITE_RECURSION = YES;
				CLANG_WARN_INT_CONVERSION = YES;
				CLANG_WARN_OBJC_ROOT_CLASS = YES_ERROR;
				CLANG_WARN_SUSPICIOUS_MOVE = YES;
				CLANG_WARN_UNREACHABLE_CODE = YES;
				CLANG_WARN__DUPLICATE_METHOD_MATCH = YES;
				"CODE_SIGN_IDENTITY[sdk=iphoneos*]" = "iPhone Developer";
				COPY_PHASE_STRIP = NO;
				DEBUG_INFORMATION_FORMAT = "dwarf-with-dsym";
				ENABLE_NS_ASSERTIONS = NO;
				ENABLE_STRICT_OBJC_MSGSEND = YES;
				GCC_C_LANGUAGE_STANDARD = gnu99;
				GCC_NO_COMMON_BLOCKS = YES;
				GCC_WARN_64_TO_32_BIT_CONVERSION = YES;
				GCC_WARN_ABOUT_RETURN_TYPE = YES_ERROR;
				GCC_WARN_UNDECLARED_SELECTOR = YES;
				GCC_WARN_UNINITIALIZED_AUTOS = YES_AGGRESSIVE;
				GCC_WARN_UNUSED_FUNCTION = YES;
				GCC_WARN_UNUSED_VARIABLE = YES;
				IPHONEOS_DEPLOYMENT_TARGET = 10.3;
				MTL_ENABLE_DEBUG_INFO = NO;
				SDKROOT = iphoneos;
				SWIFT_OPTIMIZATION_LEVEL = "-Owholemodule";
				VALIDATE_PRODUCT = YES;
			};
			name = Release;
		};
		5C0C649E1E6D5899007C0516 /* Debug */ = {
			isa = XCBuildConfiguration;
			baseConfigurationReference = 0CE38E5445911D562DA89AA0 /* Pods-JYCyclePicture.debug.xcconfig */;
			buildSettings = {
				ASSETCATALOG_COMPILER_APPICON_NAME = AppIcon;
				DEVELOPMENT_TEAM = JE8CSGTB5D;
				INFOPLIST_FILE = JYCyclePicture/Info.plist;
				LD_RUNPATH_SEARCH_PATHS = "$(inherited) @executable_path/Frameworks";
				PRODUCT_BUNDLE_IDENTIFIER = pw.code4swift.JYCyclePicture;
				PRODUCT_NAME = "$(TARGET_NAME)";
				SWIFT_VERSION = 3.0;
			};
			name = Debug;
		};
		5C0C649F1E6D5899007C0516 /* Release */ = {
			isa = XCBuildConfiguration;
			baseConfigurationReference = D1F1E6CC802A473A6A0B8B02 /* Pods-JYCyclePicture.release.xcconfig */;
			buildSettings = {
				ASSETCATALOG_COMPILER_APPICON_NAME = AppIcon;
				DEVELOPMENT_TEAM = JE8CSGTB5D;
				INFOPLIST_FILE = JYCyclePicture/Info.plist;
				LD_RUNPATH_SEARCH_PATHS = "$(inherited) @executable_path/Frameworks";
				PRODUCT_BUNDLE_IDENTIFIER = pw.code4swift.JYCyclePicture;
				PRODUCT_NAME = "$(TARGET_NAME)";
				SWIFT_VERSION = 3.0;
			};
			name = Release;
		};
/* End XCBuildConfiguration section */

/* Begin XCConfigurationList section */
		5C0C64861E6D5899007C0516 /* Build configuration list for PBXProject "JYCyclePicture" */ = {
			isa = XCConfigurationList;
			buildConfigurations = (
				5C0C649B1E6D5899007C0516 /* Debug */,
				5C0C649C1E6D5899007C0516 /* Release */,
			);
			defaultConfigurationIsVisible = 0;
			defaultConfigurationName = Release;
		};
		5C0C649D1E6D5899007C0516 /* Build configuration list for PBXNativeTarget "JYCyclePicture" */ = {
			isa = XCConfigurationList;
			buildConfigurations = (
				5C0C649E1E6D5899007C0516 /* Debug */,
				5C0C649F1E6D5899007C0516 /* Release */,
			);
			defaultConfigurationIsVisible = 0;
			defaultConfigurationName = Release;
		};
/* End XCConfigurationList section */
	};
	rootObject = 5C0C64831E6D5899007C0516 /* Project object */;
}
